
Microsoft Visual Studio Solution File, Format Version 12.00
# Visual Studio 14
VisualStudioVersion = 14.0.24720.0
MinimumVisualStudioVersion = 10.0.40219.1
Project("{FAE04EC0-301F-11D3-BF4B-00C04F79EFBC}") = "CTCBulkOpLib", "CTCBulkOpLib\CTCBulkOpLib.csproj", "{AF2F902E-1933-4E64-B332-970585D7BFCC}"
EndProject
Project("{FAE04EC0-301F-11D3-BF4B-00C04F79EFBC}") = "CTCBulkOpLibTests", "CTCBulkOpLibTests\CTCBulkOpLibTests.csproj", "{83D2037E-DAED-4D57-8016-26CE32E86A10}"
EndProject
Project("{FAE04EC0-301F-11D3-BF4B-00C04F79EFBC}") = "CTCImportSpeedTest", "CTCImportSpeedTest\CTCImportSpeedTest.csproj", "{7A27B1DC-7F3F-4083-AFE9-A7EEE9B3AF78}"
EndProject
Global
	GlobalSection(SolutionConfigurationPlatforms) = preSolution
		Debug|Any CPU = Debug|Any CPU
		Release|Any CPU = Release|Any CPU
	EndGlobalSection
	GlobalSection(ProjectConfigurationPlatforms) = postSolution
		{AF2F902E-1933-4E64-B332-970585D7BFCC}.Debug|Any CPU.ActiveCfg = Debug|Any CPU
		{AF2F902E-1933-4E64-B332-970585D7BFCC}.Debug|Any CPU.Build.0 = Debug|Any CPU
		{AF2F902E-1933-4E64-B332-970585D7BFCC}.Release|Any CPU.ActiveCfg = Release|Any CPU
		{AF2F902E-1933-4E64-B332-970585D7BFCC}.Release|Any CPU.Build.0 = Release|Any CPU
		{83D2037E-DAED-4D57-8016-26CE32E86A10}.Debug|Any CPU.ActiveCfg = Debug|Any CPU
		{83D2037E-DAED-4D57-8016-26CE32E86A10}.Debug|Any CPU.Build.0 = Debug|Any CPU
		{83D2037E-DAED-4D57-8016-26CE32E86A10}.Release|Any CPU.ActiveCfg = Release|Any CPU
		{83D2037E-DAED-4D57-8016-26CE32E86A10}.Release|Any CPU.Build.0 = Release|Any CPU
		{7A27B1DC-7F3F-4083-AFE9-A7EEE9B3AF78}.Debug|Any CPU.ActiveCfg = Debug|Any CPU
		{7A27B1DC-7F3F-4083-AFE9-A7EEE9B3AF78}.Debug|Any CPU.Build.0 = Debug|Any CPU
		{7A27B1DC-7F3F-4083-AFE9-A7EEE9B3AF78}.Release|Any CPU.ActiveCfg = Release|Any CPU
		{7A27B1DC-7F3F-4083-AFE9-A7EEE9B3AF78}.Release|Any CPU.Build.0 = Release|Any CPU
	EndGlobalSection
	GlobalSection(SolutionProperties) = preSolution
		HideSolutionNode = FALSE
	EndGlobalSection
EndGlobal
